
Microsoft Visual Studio Solution File, Format Version 12.00
# Visual Studio Version 16
VisualStudioVersion = 16.0.29905.134
MinimumVisualStudioVersion = 10.0.40219.1
Project("{FAE04EC0-301F-11D3-BF4B-00C04F79EFBC}") = "DatingApp.API", "DatingApp.API\DatingApp.API.csproj", "{B2A05B3C-3F95-44D7-9A8D-3DD27AF10795}"
EndProject
Global
	GlobalSection(SolutionConfigurationPlatforms) = preSolution
		Debug|Any CPU = Debug|Any CPU
		Release|Any CPU = Release|Any CPU
	EndGlobalSection
	GlobalSection(ProjectConfigurationPlatforms) = postSolution
		{B2A05B3C-3F95-44D7-9A8D-3DD27AF10795}.Debug|Any CPU.ActiveCfg = Debug|Any CPU
		{B2A05B3C-3F95-44D7-9A8D-3DD27AF10795}.Debug|Any CPU.Build.0 = Debug|Any CPU
		{B2A05B3C-3F95-44D7-9A8D-3DD27AF10795}.Release|Any CPU.ActiveCfg = Release|Any CPU
		{B2A05B3C-3F95-44D7-9A8D-3DD27AF10795}.Release|Any CPU.Build.0 = Release|Any CPU
	EndGlobalSection
	GlobalSection(SolutionProperties) = preSolution
		HideSolutionNode = FALSE
	EndGlobalSection
	GlobalSection(ExtensibilityGlobals) = postSolution
		SolutionGuid = {125063B4-65EB-4A2E-A366-C1A1B2A840BB}
	EndGlobalSection
EndGlobal
